
Microsoft Visual Studio Solution File, Format Version 12.00
# Visual Studio Version 17
VisualStudioVersion = 17.13.35931.197 d17.13
MinimumVisualStudioVersion = 10.0.40219.1
Project("{FAE04EC0-301F-11D3-BF4B-00C04F79EFBC}") = "CS2Stats.Api", "CS2Stats\CS2Stats.Api.csproj", "{C7F6551F-81DB-456C-938C-567286B334A7}"
EndProject
Project("{FAE04EC0-301F-11D3-BF4B-00C04F79EFBC}") = "CS2Stats.Core", "CS2Stats.Core\CS2Stats.Core.csproj", "{B0A6D1B8-3A11-4369-AC4B-6EBE52404A53}"
EndProject
Project("{FAE04EC0-301F-11D3-BF4B-00C04F79EFBC}") = "CS2Stats.Database", "CS2Stats.Database\CS2Stats.Database.csproj", "{4F0446FA-5521-45F6-B18A-0D7DD6A40116}"
EndProject
Project("{FAE04EC0-301F-11D3-BF4B-00C04F79EFBC}") = "CS2Stats.Infrastructure", "CS2Stats.Infrastructure\CS2Stats.Infrastructure.csproj", "{AF0B6B86-3F5B-4D8F-B282-7A6AEE3020C4}"
EndProject
Global
	GlobalSection(SolutionConfigurationPlatforms) = preSolution
		Debug|Any CPU = Debug|Any CPU
		Release|Any CPU = Release|Any CPU
	EndGlobalSection
	GlobalSection(ProjectConfigurationPlatforms) = postSolution
		{C7F6551F-81DB-456C-938C-567286B334A7}.Debug|Any CPU.ActiveCfg = Debug|Any CPU
		{C7F6551F-81DB-456C-938C-567286B334A7}.Debug|Any CPU.Build.0 = Debug|Any CPU
		{C7F6551F-81DB-456C-938C-567286B334A7}.Release|Any CPU.ActiveCfg = Release|Any CPU
		{C7F6551F-81DB-456C-938C-567286B334A7}.Release|Any CPU.Build.0 = Release|Any CPU
		{B0A6D1B8-3A11-4369-AC4B-6EBE52404A53}.Debug|Any CPU.ActiveCfg = Debug|Any CPU
		{B0A6D1B8-3A11-4369-AC4B-6EBE52404A53}.Debug|Any CPU.Build.0 = Debug|Any CPU
		{B0A6D1B8-3A11-4369-AC4B-6EBE52404A53}.Release|Any CPU.ActiveCfg = Release|Any CPU
		{B0A6D1B8-3A11-4369-AC4B-6EBE52404A53}.Release|Any CPU.Build.0 = Release|Any CPU
		{4F0446FA-5521-45F6-B18A-0D7DD6A40116}.Debug|Any CPU.ActiveCfg = Debug|Any CPU
		{4F0446FA-5521-45F6-B18A-0D7DD6A40116}.Debug|Any CPU.Build.0 = Debug|Any CPU
		{4F0446FA-5521-45F6-B18A-0D7DD6A40116}.Release|Any CPU.ActiveCfg = Release|Any CPU
		{4F0446FA-5521-45F6-B18A-0D7DD6A40116}.Release|Any CPU.Build.0 = Release|Any CPU
		{AF0B6B86-3F5B-4D8F-B282-7A6AEE3020C4}.Debug|Any CPU.ActiveCfg = Debug|Any CPU
		{AF0B6B86-3F5B-4D8F-B282-7A6AEE3020C4}.Debug|Any CPU.Build.0 = Debug|Any CPU
		{AF0B6B86-3F5B-4D8F-B282-7A6AEE3020C4}.Release|Any CPU.ActiveCfg = Release|Any CPU
		{AF0B6B86-3F5B-4D8F-B282-7A6AEE3020C4}.Release|Any CPU.Build.0 = Release|Any CPU
	EndGlobalSection
	GlobalSection(SolutionProperties) = preSolution
		HideSolutionNode = FALSE
	EndGlobalSection
	GlobalSection(ExtensibilityGlobals) = postSolution
		SolutionGuid = {7A5A8F6C-75FC-4225-91F8-4B58D927B66C}
	EndGlobalSection
EndGlobal
